
Microsoft Visual Studio Solution File, Format Version 12.00
# Visual Studio Version 17
VisualStudioVersion = 17.2.32516.85
MinimumVisualStudioVersion = 10.0.40219.1
Project("{8BC9CEB8-8B4A-11D0-8D11-00A0C91BC942}") = "ZombiU_Noclip", "ZombiU_Noclip\ZombiU_Noclip.vcxproj", "{B53C78D7-6052-4291-9D98-538CE0073900}"
EndProject
Global
	GlobalSection(SolutionConfigurationPlatforms) = preSolution
		Debug|x64 = Debug|x64
		Debug|x86 = Debug|x86
		Release|x64 = Release|x64
		Release|x86 = Release|x86
	EndGlobalSection
	GlobalSection(ProjectConfigurationPlatforms) = postSolution
		{B53C78D7-6052-4291-9D98-538CE0073900}.Debug|x64.ActiveCfg = Debug|x64
		{B53C78D7-6052-4291-9D98-538CE0073900}.Debug|x64.Build.0 = Debug|x64
		{B53C78D7-6052-4291-9D98-538CE0073900}.Debug|x86.ActiveCfg = Debug|Win32
		{B53C78D7-6052-4291-9D98-538CE0073900}.Debug|x86.Build.0 = Debug|Win32
		{B53C78D7-6052-4291-9D98-538CE0073900}.Release|x64.ActiveCfg = Release|x64
		{B53C78D7-6052-4291-9D98-538CE0073900}.Release|x64.Build.0 = Release|x64
		{B53C78D7-6052-4291-9D98-538CE0073900}.Release|x86.ActiveCfg = Release|Win32
		{B53C78D7-6052-4291-9D98-538CE0073900}.Release|x86.Build.0 = Release|Win32
	EndGlobalSection
	GlobalSection(SolutionProperties) = preSolution
		HideSolutionNode = FALSE
	EndGlobalSection
	GlobalSection(ExtensibilityGlobals) = postSolution
		SolutionGuid = {466E4DD2-E1E5-45AA-85F9-87B3EEF36F9E}
	EndGlobalSection
EndGlobal
